
Microsoft Visual Studio Solution File, Format Version 12.00
# Visual Studio Version 16
VisualStudioVersion = 16.0.31424.327
MinimumVisualStudioVersion = 10.0.40219.1
Project("{FAE04EC0-301F-11D3-BF4B-00C04F79EFBC}") = "EforaxisDotNet", "EforaxisDotNet.csproj", "{EB778D87-71B8-46A9-8B94-A602C9407D1E}"
EndProject
Global
	GlobalSection(SolutionConfigurationPlatforms) = preSolution
		Debug|Any CPU = Debug|Any CPU
		Release|Any CPU = Release|Any CPU
	EndGlobalSection
	GlobalSection(ProjectConfigurationPlatforms) = postSolution
		{EB778D87-71B8-46A9-8B94-A602C9407D1E}.Debug|Any CPU.ActiveCfg = Debug|Any CPU
		{EB778D87-71B8-46A9-8B94-A602C9407D1E}.Debug|Any CPU.Build.0 = Debug|Any CPU
		{EB778D87-71B8-46A9-8B94-A602C9407D1E}.Release|Any CPU.ActiveCfg = Release|Any CPU
		{EB778D87-71B8-46A9-8B94-A602C9407D1E}.Release|Any CPU.Build.0 = Release|Any CPU
	EndGlobalSection
	GlobalSection(SolutionProperties) = preSolution
		HideSolutionNode = FALSE
	EndGlobalSection
	GlobalSection(ExtensibilityGlobals) = postSolution
		SolutionGuid = {124217DF-65D2-4B38-BB93-2E8CE101BAE5}
	EndGlobalSection
EndGlobal
